{
  "nodes": {
    "agenix": {
      "inputs": {
        "nixpkgs": "nixpkgs"
      },
      "locked": {
        "lastModified": 1665870395,
        "narHash": "sha256-Tsbqb27LDNxOoPLh0gw2hIb6L/6Ow/6lIBvqcHzEKBI=",
        "owner": "ryantm",
        "repo": "agenix",
        "rev": "a630400067c6d03c9b3e0455347dc8559db14288",
        "type": "github"
      },
      "original": {
        "owner": "ryantm",
        "repo": "agenix",
        "type": "github"
      }
    },
    "home-manager": {
      "inputs": {
        "nixpkgs": [
          "nixpkgs"
        ],
        "utils": "utils"
      },
      "locked": {
        "lastModified": 1668332334,
        "narHash": "sha256-YT1qcE/MCqBO1Bi/Yr6GcFpNKsvmzrBKh8juyXDbxQc=",
        "owner": "nix-community",
        "repo": "home-manager",
        "rev": "bc90de24d898655542589237cc0a6ada7564cb6c",
        "type": "github"
      },
      "original": {
        "owner": "nix-community",
        "repo": "home-manager",
        "type": "github"
      }
    },
    "nixpkgs": {
      "locked": {
        "lastModified": 1665732960,
        "narHash": "sha256-WBZ+uSHKFyjvd0w4inbm0cNExYTn8lpYFcHEes8tmec=",
        "owner": "NixOS",
        "repo": "nixpkgs",
        "rev": "4428e23312933a196724da2df7ab78eb5e67a88e",
        "type": "github"
      },
      "original": {
        "owner": "NixOS",
        "ref": "nixos-unstable",
        "repo": "nixpkgs",
        "type": "github"
      }
    },
    "nixpkgs_2": {
      "locked": {
        "lastModified": 1668417584,
        "narHash": "sha256-yeuEyxKPwsm5fIHN49L/syn9g5coxnPp3GsVquhrv5A=",
        "owner": "nixos",
        "repo": "nixpkgs",
        "rev": "013fcdd106823416918004bb684c3c186d3c460f",
        "type": "github"
      },
      "original": {
        "owner": "nixos",
        "ref": "nixos-unstable",
        "repo": "nixpkgs",
        "type": "github"
      }
    },
    "nur": {
      "locked": {
        "lastModified": 1668578155,
        "narHash": "sha256-loZ67zDXS+4xMsq8GsV+NB+8d3P2lwT0gVrSAz0cMkc=",
        "owner": "nix-community",
        "repo": "NUR",
        "rev": "a3f43db6f1c4acd0a2d37e17aace66824dab88aa",
        "type": "github"
      },
      "original": {
        "owner": "nix-community",
        "repo": "NUR",
        "type": "github"
      }
    },
    "root": {
      "inputs": {
        "agenix": "agenix",
        "home-manager": "home-manager",
        "nixpkgs": "nixpkgs_2",
        "nur": "nur"
      }
    },
    "utils": {
      "locked": {
        "lastModified": 1667395993,
        "narHash": "sha256-nuEHfE/LcWyuSWnS8t12N1wc105Qtau+/OdUAjtQ0rA=",
        "owner": "numtide",
        "repo": "flake-utils",
        "rev": "5aed5285a952e0b949eb3ba02c12fa4fcfef535f",
        "type": "github"
      },
      "original": {
        "owner": "numtide",
        "repo": "flake-utils",
        "type": "github"
      }
    }
  },
  "root": "root",
  "version": 7
}
